
Microsoft Visual Studio Solution File, Format Version 12.00
# Visual Studio Version 17
VisualStudioVersion = 17.13.35931.197 d17.13
MinimumVisualStudioVersion = 10.0.40219.1
Project("{FAE04EC0-301F-11D3-BF4B-00C04F79EFBC}") = "CustomAttributeApp", "CustomAttributeApp\CustomAttributeApp.csproj", "{A08096F9-2370-44E3-8A0F-8B04C67336BE}"
EndProject
Global
	GlobalSection(SolutionConfigurationPlatforms) = preSolution
		Debug|Any CPU = Debug|Any CPU
		Release|Any CPU = Release|Any CPU
	EndGlobalSection
	GlobalSection(ProjectConfigurationPlatforms) = postSolution
		{A08096F9-2370-44E3-8A0F-8B04C67336BE}.Debug|Any CPU.ActiveCfg = Debug|Any CPU
		{A08096F9-2370-44E3-8A0F-8B04C67336BE}.Debug|Any CPU.Build.0 = Debug|Any CPU
		{A08096F9-2370-44E3-8A0F-8B04C67336BE}.Release|Any CPU.ActiveCfg = Release|Any CPU
		{A08096F9-2370-44E3-8A0F-8B04C67336BE}.Release|Any CPU.Build.0 = Release|Any CPU
	EndGlobalSection
	GlobalSection(SolutionProperties) = preSolution
		HideSolutionNode = FALSE
	EndGlobalSection
	GlobalSection(ExtensibilityGlobals) = postSolution
		SolutionGuid = {D5332F19-2F05-41CA-90B8-C8AFFAF9EC74}
	EndGlobalSection
EndGlobal
